
Microsoft Visual Studio Solution File, Format Version 12.00
# Visual Studio 14
VisualStudioVersion = 14.0.24720.0
MinimumVisualStudioVersion = 10.0.40219.1
Project("{FAE04EC0-301F-11D3-BF4B-00C04F79EFBC}") = "ADP_SeleniumFramework", "ADP_Tests\ADP_SeleniumFramework.csproj", "{30A8EB6B-3968-4613-8505-714FF05A2D13}"
EndProject
Global
	GlobalSection(SolutionConfigurationPlatforms) = preSolution
		Debug|Any CPU = Debug|Any CPU
		Release|Any CPU = Release|Any CPU
	EndGlobalSection
	GlobalSection(ProjectConfigurationPlatforms) = postSolution
		{30A8EB6B-3968-4613-8505-714FF05A2D13}.Debug|Any CPU.ActiveCfg = Debug|Any CPU
		{30A8EB6B-3968-4613-8505-714FF05A2D13}.Debug|Any CPU.Build.0 = Debug|Any CPU
		{30A8EB6B-3968-4613-8505-714FF05A2D13}.Release|Any CPU.ActiveCfg = Release|Any CPU
		{30A8EB6B-3968-4613-8505-714FF05A2D13}.Release|Any CPU.Build.0 = Release|Any CPU
	EndGlobalSection
	GlobalSection(SolutionProperties) = preSolution
		HideSolutionNode = FALSE
	EndGlobalSection
	GlobalSection(TeamFoundationVersionControl) = preSolution
		SccNumberOfProjects = 2
		SccEnterpriseProvider = {4CA58AB2-18FA-4F8D-95D4-32DDF27D184C}
		SccTeamFoundationServer = http://dc1prtfsnet1:8080/tfs/service%20applications
		SccLocalPath0 = .
		SccProjectUniqueName1 = ADP_Tests\\ADP_SeleniumFramework.csproj
		SccProjectName1 = ADP_Tests
		SccLocalPath1 = ADP_Tests
	EndGlobalSection
EndGlobal
